
Microsoft Visual Studio Solution File, Format Version 12.00
# Visual Studio Version 17
VisualStudioVersion = 17.10.34928.147
MinimumVisualStudioVersion = 10.0.40219.1
Project("{FAE04EC0-301F-11D3-BF4B-00C04F79EFBC}") = "EnergyCompanyTest", "EnergyCompanyTest\EnergyCompanyTest.csproj", "{2A4B2586-79A0-4F44-8320-FD96D41112A8}"
EndProject
Project("{2150E333-8FDC-42A3-9474-1A3956D46DE8}") = "Itens de Solução", "Itens de Solução", "{34FA0F15-7310-4455-9A4E-BA92E747E059}"
EndProject
Project("{FAE04EC0-301F-11D3-BF4B-00C04F79EFBC}") = "EnergyCompany.Tests", "EnergyCompany.Tests\EnergyCompany.Tests.csproj", "{0330B9A8-4223-46E5-80D6-AEFA23AD3086}"
EndProject
Global
	GlobalSection(SolutionConfigurationPlatforms) = preSolution
		Debug|Any CPU = Debug|Any CPU
		Release|Any CPU = Release|Any CPU
	EndGlobalSection
	GlobalSection(ProjectConfigurationPlatforms) = postSolution
		{2A4B2586-79A0-4F44-8320-FD96D41112A8}.Debug|Any CPU.ActiveCfg = Debug|Any CPU
		{2A4B2586-79A0-4F44-8320-FD96D41112A8}.Debug|Any CPU.Build.0 = Debug|Any CPU
		{2A4B2586-79A0-4F44-8320-FD96D41112A8}.Release|Any CPU.ActiveCfg = Release|Any CPU
		{2A4B2586-79A0-4F44-8320-FD96D41112A8}.Release|Any CPU.Build.0 = Release|Any CPU
		{0330B9A8-4223-46E5-80D6-AEFA23AD3086}.Debug|Any CPU.ActiveCfg = Debug|Any CPU
		{0330B9A8-4223-46E5-80D6-AEFA23AD3086}.Debug|Any CPU.Build.0 = Debug|Any CPU
		{0330B9A8-4223-46E5-80D6-AEFA23AD3086}.Release|Any CPU.ActiveCfg = Release|Any CPU
		{0330B9A8-4223-46E5-80D6-AEFA23AD3086}.Release|Any CPU.Build.0 = Release|Any CPU
	EndGlobalSection
	GlobalSection(SolutionProperties) = preSolution
		HideSolutionNode = FALSE
	EndGlobalSection
	GlobalSection(ExtensibilityGlobals) = postSolution
		SolutionGuid = {123AAE69-43BB-4183-A764-7A5854161714}
	EndGlobalSection
EndGlobal
